{
  "requires": true,
  "lockfileVersion": 1,
  "dependencies": {
    "colors": {
      "version": "https://registry.npmjs.org/colors/-/colors-0.5.1.tgz",
      "integrity": "sha1-fQAj6usVTo7p/Oddy5I9DtFmd3Q="
    },
    "discontinuous-range": {
      "version": "https://registry.npmjs.org/discontinuous-range/-/discontinuous-range-1.0.0.tgz",
      "integrity": "sha1-44Mx8IRLukm5qctxx3FYWqsbxlo="
    },
    "moo": {
      "version": "https://registry.npmjs.org/moo/-/moo-0.4.3.tgz",
      "integrity": "sha1-P4R6JvMc9iWpVqh/KxD7wBO/0Q4="
    },
    "nearley": {
      "version": "2.15.1",
      "resolved": "https://registry.npmjs.org/nearley/-/nearley-2.15.1.tgz",
      "integrity": "sha512-8IUY/rUrKz2mIynUGh8k+tul1awMKEjeHHC5G3FHvvyAW6oq4mQfNp2c0BMea+sYZJvYcrrM6GmZVIle/GRXGw==",
      "requires": {
        "moo": "https://registry.npmjs.org/moo/-/moo-0.4.3.tgz",
        "nomnom": "https://registry.npmjs.org/nomnom/-/nomnom-1.6.2.tgz",
        "railroad-diagrams": "https://registry.npmjs.org/railroad-diagrams/-/railroad-diagrams-1.0.0.tgz",
        "randexp": "https://registry.npmjs.org/randexp/-/randexp-0.4.6.tgz",
        "semver": "https://registry.npmjs.org/semver/-/semver-5.5.1.tgz"
      }
    },
    "nomnom": {
      "version": "https://registry.npmjs.org/nomnom/-/nomnom-1.6.2.tgz",
      "integrity": "sha1-hKZqJgF0QI/Ft3oY+IjszET7aXE=",
      "requires": {
        "colors": "https://registry.npmjs.org/colors/-/colors-0.5.1.tgz",
        "underscore": "https://registry.npmjs.org/underscore/-/underscore-1.4.4.tgz"
      }
    },
    "railroad-diagrams": {
      "version": "https://registry.npmjs.org/railroad-diagrams/-/railroad-diagrams-1.0.0.tgz",
      "integrity": "sha1-635iZ1SN3t+4mcG5Dlc3RVnN234="
    },
    "randexp": {
      "version": "https://registry.npmjs.org/randexp/-/randexp-0.4.6.tgz",
      "integrity": "sha1-6YatXl4x2uE93W97MBmqfIf2DKM=",
      "requires": {
        "discontinuous-range": "https://registry.npmjs.org/discontinuous-range/-/discontinuous-range-1.0.0.tgz",
        "ret": "https://registry.npmjs.org/ret/-/ret-0.1.15.tgz"
      }
    },
    "ret": {
      "version": "https://registry.npmjs.org/ret/-/ret-0.1.15.tgz",
      "integrity": "sha1-uKSCXVvbH8P29Twrwz+BOIaBx7w="
    },
    "semver": {
      "version": "https://registry.npmjs.org/semver/-/semver-5.5.1.tgz",
      "integrity": "sha1-ff3YgUvbfKvHvg+x1zTPtmyUBHc="
    },
    "underscore": {
      "version": "https://registry.npmjs.org/underscore/-/underscore-1.4.4.tgz",
      "integrity": "sha1-YaajIBBiKvoHljvzJSA88SI51gQ="
    }
  }
}
